
Microsoft Visual Studio Solution File, Format Version 12.00
# Visual Studio Version 16
VisualStudioVersion = 16.0.32106.194
MinimumVisualStudioVersion = 10.0.40219.1
Project("{FAE04EC0-301F-11D3-BF4B-00C04F79EFBC}") = "AttendanceManagementSystem", "AttendanceManagementSystem\AttendanceManagementSystem.csproj", "{3DFDB87A-C8F9-42FD-B714-AE76E26A3ACE}"
EndProject
Global
	GlobalSection(SolutionConfigurationPlatforms) = preSolution
		Debug|Any CPU = Debug|Any CPU
		Release|Any CPU = Release|Any CPU
	EndGlobalSection
	GlobalSection(ProjectConfigurationPlatforms) = postSolution
		{3DFDB87A-C8F9-42FD-B714-AE76E26A3ACE}.Debug|Any CPU.ActiveCfg = Debug|Any CPU
		{3DFDB87A-C8F9-42FD-B714-AE76E26A3ACE}.Debug|Any CPU.Build.0 = Debug|Any CPU
		{3DFDB87A-C8F9-42FD-B714-AE76E26A3ACE}.Release|Any CPU.ActiveCfg = Release|Any CPU
		{3DFDB87A-C8F9-42FD-B714-AE76E26A3ACE}.Release|Any CPU.Build.0 = Release|Any CPU
	EndGlobalSection
	GlobalSection(SolutionProperties) = preSolution
		HideSolutionNode = FALSE
	EndGlobalSection
	GlobalSection(ExtensibilityGlobals) = postSolution
		SolutionGuid = {461E24D6-3236-4F87-B5D7-335536720C5F}
	EndGlobalSection
EndGlobal
